
Microsoft Visual Studio Solution File, Format Version 12.00
# Visual Studio Version 17
VisualStudioVersion = 17.1.32414.318
MinimumVisualStudioVersion = 10.0.40219.1
Project("{FAE04EC0-301F-11D3-BF4B-00C04F79EFBC}") = "SAE_DEV", "SAE_DEV\SAE_DEV.csproj", "{02A9F478-1477-4205-96A6-BCF2F918DB23}"
EndProject
Global
	GlobalSection(SolutionConfigurationPlatforms) = preSolution
		Debug|Any CPU = Debug|Any CPU
		Release|Any CPU = Release|Any CPU
	EndGlobalSection
	GlobalSection(ProjectConfigurationPlatforms) = postSolution
		{02A9F478-1477-4205-96A6-BCF2F918DB23}.Debug|Any CPU.ActiveCfg = Debug|Any CPU
		{02A9F478-1477-4205-96A6-BCF2F918DB23}.Debug|Any CPU.Build.0 = Debug|Any CPU
		{02A9F478-1477-4205-96A6-BCF2F918DB23}.Release|Any CPU.ActiveCfg = Release|Any CPU
		{02A9F478-1477-4205-96A6-BCF2F918DB23}.Release|Any CPU.Build.0 = Release|Any CPU
	EndGlobalSection
	GlobalSection(SolutionProperties) = preSolution
		HideSolutionNode = FALSE
	EndGlobalSection
	GlobalSection(ExtensibilityGlobals) = postSolution
		SolutionGuid = {0EE6057A-0EFA-4D27-8A68-BF300681F41D}
	EndGlobalSection
EndGlobal
